
Microsoft Visual Studio Solution File, Format Version 12.00
# Visual Studio 15
VisualStudioVersion = 15.0.26124.0
MinimumVisualStudioVersion = 15.0.26124.0
Project("{2150E333-8FDC-42A3-9474-1A3956D46DE8}") = "src", "src", "{E9CB81AB-11B0-4CB2-BBD4-16228BF4C6D7}"
EndProject
Project("{FAE04EC0-301F-11D3-BF4B-00C04F79EFBC}") = "MaterialApi", "src\MaterialApi\MaterialApi.csproj", "{48607842-3917-403B-B362-AB5DDFBA080B}"
EndProject
Project("{FAE04EC0-301F-11D3-BF4B-00C04F79EFBC}") = "MaterialApi.DataAccess", "src\MaterialApi.DataAccess\MaterialApi.DataAccess.csproj", "{1D8546CA-B132-4F43-B288-771AFCD0DF71}"
EndProject
Project("{FAE04EC0-301F-11D3-BF4B-00C04F79EFBC}") = "MaterialApi.Entities", "src\MaterialApi.Entities\MaterialApi.Entities.csproj", "{8E52EF6D-EC41-42B1-831F-0B1709111000}"
EndProject
Project("{FAE04EC0-301F-11D3-BF4B-00C04F79EFBC}") = "MaterialApi.Model", "src\MaterialApi.Model\MaterialApi.Model.csproj", "{6D8FF93A-4585-45F2-87B2-40B2AA6C6C26}"
EndProject
Project("{FAE04EC0-301F-11D3-BF4B-00C04F79EFBC}") = "MaterialApi.DataMapping", "src\MaterialApi.DataMapping\MaterialApi.DataMapping.csproj", "{760EE7D4-B319-4473-A2FC-ED07F6FE5291}"
EndProject
Project("{FAE04EC0-301F-11D3-BF4B-00C04F79EFBC}") = "MaterialApi.Domain", "src\MaterialApi.Domain\MaterialApi.Domain.csproj", "{AA53001D-C465-44DB-AD98-B082834FB63B}"
EndProject
Global
	GlobalSection(SolutionConfigurationPlatforms) = preSolution
		Debug|Any CPU = Debug|Any CPU
		Debug|x64 = Debug|x64
		Debug|x86 = Debug|x86
		Release|Any CPU = Release|Any CPU
		Release|x64 = Release|x64
		Release|x86 = Release|x86
	EndGlobalSection
	GlobalSection(SolutionProperties) = preSolution
		HideSolutionNode = FALSE
	EndGlobalSection
	GlobalSection(ProjectConfigurationPlatforms) = postSolution
		{48607842-3917-403B-B362-AB5DDFBA080B}.Debug|Any CPU.ActiveCfg = Debug|Any CPU
		{48607842-3917-403B-B362-AB5DDFBA080B}.Debug|Any CPU.Build.0 = Debug|Any CPU
		{48607842-3917-403B-B362-AB5DDFBA080B}.Debug|x64.ActiveCfg = Debug|Any CPU
		{48607842-3917-403B-B362-AB5DDFBA080B}.Debug|x64.Build.0 = Debug|Any CPU
		{48607842-3917-403B-B362-AB5DDFBA080B}.Debug|x86.ActiveCfg = Debug|Any CPU
		{48607842-3917-403B-B362-AB5DDFBA080B}.Debug|x86.Build.0 = Debug|Any CPU
		{48607842-3917-403B-B362-AB5DDFBA080B}.Release|Any CPU.ActiveCfg = Release|Any CPU
		{48607842-3917-403B-B362-AB5DDFBA080B}.Release|Any CPU.Build.0 = Release|Any CPU
		{48607842-3917-403B-B362-AB5DDFBA080B}.Release|x64.ActiveCfg = Release|Any CPU
		{48607842-3917-403B-B362-AB5DDFBA080B}.Release|x64.Build.0 = Release|Any CPU
		{48607842-3917-403B-B362-AB5DDFBA080B}.Release|x86.ActiveCfg = Release|Any CPU
		{48607842-3917-403B-B362-AB5DDFBA080B}.Release|x86.Build.0 = Release|Any CPU
		{1D8546CA-B132-4F43-B288-771AFCD0DF71}.Debug|Any CPU.ActiveCfg = Debug|Any CPU
		{1D8546CA-B132-4F43-B288-771AFCD0DF71}.Debug|Any CPU.Build.0 = Debug|Any CPU
		{1D8546CA-B132-4F43-B288-771AFCD0DF71}.Debug|x64.ActiveCfg = Debug|Any CPU
		{1D8546CA-B132-4F43-B288-771AFCD0DF71}.Debug|x64.Build.0 = Debug|Any CPU
		{1D8546CA-B132-4F43-B288-771AFCD0DF71}.Debug|x86.ActiveCfg = Debug|Any CPU
		{1D8546CA-B132-4F43-B288-771AFCD0DF71}.Debug|x86.Build.0 = Debug|Any CPU
		{1D8546CA-B132-4F43-B288-771AFCD0DF71}.Release|Any CPU.ActiveCfg = Release|Any CPU
		{1D8546CA-B132-4F43-B288-771AFCD0DF71}.Release|Any CPU.Build.0 = Release|Any CPU
		{1D8546CA-B132-4F43-B288-771AFCD0DF71}.Release|x64.ActiveCfg = Release|Any CPU
		{1D8546CA-B132-4F43-B288-771AFCD0DF71}.Release|x64.Build.0 = Release|Any CPU
		{1D8546CA-B132-4F43-B288-771AFCD0DF71}.Release|x86.ActiveCfg = Release|Any CPU
		{1D8546CA-B132-4F43-B288-771AFCD0DF71}.Release|x86.Build.0 = Release|Any CPU
		{8E52EF6D-EC41-42B1-831F-0B1709111000}.Debug|Any CPU.ActiveCfg = Debug|Any CPU
		{8E52EF6D-EC41-42B1-831F-0B1709111000}.Debug|Any CPU.Build.0 = Debug|Any CPU
		{8E52EF6D-EC41-42B1-831F-0B1709111000}.Debug|x64.ActiveCfg = Debug|Any CPU
		{8E52EF6D-EC41-42B1-831F-0B1709111000}.Debug|x64.Build.0 = Debug|Any CPU
		{8E52EF6D-EC41-42B1-831F-0B1709111000}.Debug|x86.ActiveCfg = Debug|Any CPU
		{8E52EF6D-EC41-42B1-831F-0B1709111000}.Debug|x86.Build.0 = Debug|Any CPU
		{8E52EF6D-EC41-42B1-831F-0B1709111000}.Release|Any CPU.ActiveCfg = Release|Any CPU
		{8E52EF6D-EC41-42B1-831F-0B1709111000}.Release|Any CPU.Build.0 = Release|Any CPU
		{8E52EF6D-EC41-42B1-831F-0B1709111000}.Release|x64.ActiveCfg = Release|Any CPU
		{8E52EF6D-EC41-42B1-831F-0B1709111000}.Release|x64.Build.0 = Release|Any CPU
		{8E52EF6D-EC41-42B1-831F-0B1709111000}.Release|x86.ActiveCfg = Release|Any CPU
		{8E52EF6D-EC41-42B1-831F-0B1709111000}.Release|x86.Build.0 = Release|Any CPU
		{6D8FF93A-4585-45F2-87B2-40B2AA6C6C26}.Debug|Any CPU.ActiveCfg = Debug|Any CPU
		{6D8FF93A-4585-45F2-87B2-40B2AA6C6C26}.Debug|Any CPU.Build.0 = Debug|Any CPU
		{6D8FF93A-4585-45F2-87B2-40B2AA6C6C26}.Debug|x64.ActiveCfg = Debug|Any CPU
		{6D8FF93A-4585-45F2-87B2-40B2AA6C6C26}.Debug|x64.Build.0 = Debug|Any CPU
		{6D8FF93A-4585-45F2-87B2-40B2AA6C6C26}.Debug|x86.ActiveCfg = Debug|Any CPU
		{6D8FF93A-4585-45F2-87B2-40B2AA6C6C26}.Debug|x86.Build.0 = Debug|Any CPU
		{6D8FF93A-4585-45F2-87B2-40B2AA6C6C26}.Release|Any CPU.ActiveCfg = Release|Any CPU
		{6D8FF93A-4585-45F2-87B2-40B2AA6C6C26}.Release|Any CPU.Build.0 = Release|Any CPU
		{6D8FF93A-4585-45F2-87B2-40B2AA6C6C26}.Release|x64.ActiveCfg = Release|Any CPU
		{6D8FF93A-4585-45F2-87B2-40B2AA6C6C26}.Release|x64.Build.0 = Release|Any CPU
		{6D8FF93A-4585-45F2-87B2-40B2AA6C6C26}.Release|x86.ActiveCfg = Release|Any CPU
		{6D8FF93A-4585-45F2-87B2-40B2AA6C6C26}.Release|x86.Build.0 = Release|Any CPU
		{760EE7D4-B319-4473-A2FC-ED07F6FE5291}.Debug|Any CPU.ActiveCfg = Debug|Any CPU
		{760EE7D4-B319-4473-A2FC-ED07F6FE5291}.Debug|Any CPU.Build.0 = Debug|Any CPU
		{760EE7D4-B319-4473-A2FC-ED07F6FE5291}.Debug|x64.ActiveCfg = Debug|Any CPU
		{760EE7D4-B319-4473-A2FC-ED07F6FE5291}.Debug|x64.Build.0 = Debug|Any CPU
		{760EE7D4-B319-4473-A2FC-ED07F6FE5291}.Debug|x86.ActiveCfg = Debug|Any CPU
		{760EE7D4-B319-4473-A2FC-ED07F6FE5291}.Debug|x86.Build.0 = Debug|Any CPU
		{760EE7D4-B319-4473-A2FC-ED07F6FE5291}.Release|Any CPU.ActiveCfg = Release|Any CPU
		{760EE7D4-B319-4473-A2FC-ED07F6FE5291}.Release|Any CPU.Build.0 = Release|Any CPU
		{760EE7D4-B319-4473-A2FC-ED07F6FE5291}.Release|x64.ActiveCfg = Release|Any CPU
		{760EE7D4-B319-4473-A2FC-ED07F6FE5291}.Release|x64.Build.0 = Release|Any CPU
		{760EE7D4-B319-4473-A2FC-ED07F6FE5291}.Release|x86.ActiveCfg = Release|Any CPU
		{760EE7D4-B319-4473-A2FC-ED07F6FE5291}.Release|x86.Build.0 = Release|Any CPU
		{AA53001D-C465-44DB-AD98-B082834FB63B}.Debug|Any CPU.ActiveCfg = Debug|Any CPU
		{AA53001D-C465-44DB-AD98-B082834FB63B}.Debug|Any CPU.Build.0 = Debug|Any CPU
		{AA53001D-C465-44DB-AD98-B082834FB63B}.Debug|x64.ActiveCfg = Debug|Any CPU
		{AA53001D-C465-44DB-AD98-B082834FB63B}.Debug|x64.Build.0 = Debug|Any CPU
		{AA53001D-C465-44DB-AD98-B082834FB63B}.Debug|x86.ActiveCfg = Debug|Any CPU
		{AA53001D-C465-44DB-AD98-B082834FB63B}.Debug|x86.Build.0 = Debug|Any CPU
		{AA53001D-C465-44DB-AD98-B082834FB63B}.Release|Any CPU.ActiveCfg = Release|Any CPU
		{AA53001D-C465-44DB-AD98-B082834FB63B}.Release|Any CPU.Build.0 = Release|Any CPU
		{AA53001D-C465-44DB-AD98-B082834FB63B}.Release|x64.ActiveCfg = Release|Any CPU
		{AA53001D-C465-44DB-AD98-B082834FB63B}.Release|x64.Build.0 = Release|Any CPU
		{AA53001D-C465-44DB-AD98-B082834FB63B}.Release|x86.ActiveCfg = Release|Any CPU
		{AA53001D-C465-44DB-AD98-B082834FB63B}.Release|x86.Build.0 = Release|Any CPU
	EndGlobalSection
	GlobalSection(NestedProjects) = preSolution
		{48607842-3917-403B-B362-AB5DDFBA080B} = {E9CB81AB-11B0-4CB2-BBD4-16228BF4C6D7}
		{1D8546CA-B132-4F43-B288-771AFCD0DF71} = {E9CB81AB-11B0-4CB2-BBD4-16228BF4C6D7}
		{8E52EF6D-EC41-42B1-831F-0B1709111000} = {E9CB81AB-11B0-4CB2-BBD4-16228BF4C6D7}
		{6D8FF93A-4585-45F2-87B2-40B2AA6C6C26} = {E9CB81AB-11B0-4CB2-BBD4-16228BF4C6D7}
		{760EE7D4-B319-4473-A2FC-ED07F6FE5291} = {E9CB81AB-11B0-4CB2-BBD4-16228BF4C6D7}
		{AA53001D-C465-44DB-AD98-B082834FB63B} = {E9CB81AB-11B0-4CB2-BBD4-16228BF4C6D7}
	EndGlobalSection
EndGlobal
